{
  "name": "typescript",
  "version": "0.0.0",
  "lockfileVersion": 2,
  "requires": true,
  "packages": {
    "": {
      "name": "typescript",
      "version": "0.0.0",
      "dependencies": {
        "zod": "^3.17.3"
      },
      "devDependencies": {
        "@types/node": "^17.0.42"
      }
    },
    "node_modules/@types/node": {
      "version": "17.0.42",
      "resolved": "https://registry.npmjs.org/@types/node/-/node-17.0.42.tgz",
      "integrity": "sha512-Q5BPGyGKcvQgAMbsr7qEGN/kIPN6zZecYYABeTDBizOsau+2NMdSVTar9UQw21A2+JyA2KRNDYaYrPB0Rpk2oQ==",
      "dev": true
    },
    "node_modules/zod": {
      "version": "3.17.3",
      "resolved": "https://registry.npmjs.org/zod/-/zod-3.17.3.tgz",
      "integrity": "sha512-4oKP5zvG6GGbMlqBkI5FESOAweldEhSOZ6LI6cG+JzUT7ofj1ZOC0PJudpQOpT1iqOFpYYtX5Pw0+o403y4bcg==",
      "funding": {
        "url": "https://github.com/sponsors/colinhacks"
      }
    }
  },
  "dependencies": {
    "@types/node": {
      "version": "17.0.42",
      "resolved": "https://registry.npmjs.org/@types/node/-/node-17.0.42.tgz",
      "integrity": "sha512-Q5BPGyGKcvQgAMbsr7qEGN/kIPN6zZecYYABeTDBizOsau+2NMdSVTar9UQw21A2+JyA2KRNDYaYrPB0Rpk2oQ==",
      "dev": true
    },
    "zod": {
      "version": "3.17.3",
      "resolved": "https://registry.npmjs.org/zod/-/zod-3.17.3.tgz",
      "integrity": "sha512-4oKP5zvG6GGbMlqBkI5FESOAweldEhSOZ6LI6cG+JzUT7ofj1ZOC0PJudpQOpT1iqOFpYYtX5Pw0+o403y4bcg=="
    }
  }
}
